
Microsoft Visual Studio Solution File, Format Version 12.00
# Visual Studio 15
VisualStudioVersion = 15.0.28307.421
MinimumVisualStudioVersion = 10.0.40219.1
Project("{8BC9CEB8-8B4A-11D0-8D11-00A0C91BC942}") = "MedianFiltering", "MedianFiltering.vcxproj", "{A2A492AF-2058-4D31-BDEF-3639D354A859}"
EndProject
Global
	GlobalSection(SolutionConfigurationPlatforms) = preSolution
		Debug|x64 = Debug|x64
		Debug|x86 = Debug|x86
		Release|x64 = Release|x64
		Release|x86 = Release|x86
	EndGlobalSection
	GlobalSection(ProjectConfigurationPlatforms) = postSolution
		{A2A492AF-2058-4D31-BDEF-3639D354A859}.Debug|x64.ActiveCfg = Debug|x64
		{A2A492AF-2058-4D31-BDEF-3639D354A859}.Debug|x64.Build.0 = Debug|x64
		{A2A492AF-2058-4D31-BDEF-3639D354A859}.Debug|x86.ActiveCfg = Debug|Win32
		{A2A492AF-2058-4D31-BDEF-3639D354A859}.Debug|x86.Build.0 = Debug|Win32
		{A2A492AF-2058-4D31-BDEF-3639D354A859}.Release|x64.ActiveCfg = Release|x64
		{A2A492AF-2058-4D31-BDEF-3639D354A859}.Release|x64.Build.0 = Release|x64
		{A2A492AF-2058-4D31-BDEF-3639D354A859}.Release|x86.ActiveCfg = Release|Win32
		{A2A492AF-2058-4D31-BDEF-3639D354A859}.Release|x86.Build.0 = Release|Win32
	EndGlobalSection
	GlobalSection(SolutionProperties) = preSolution
		HideSolutionNode = FALSE
	EndGlobalSection
	GlobalSection(ExtensibilityGlobals) = postSolution
		SolutionGuid = {EAFEDEAD-E867-41BD-998F-93EDC69B354C}
	EndGlobalSection
EndGlobal
